
Microsoft Visual Studio Solution File, Format Version 11.00
# Visual Studio 2010
Project("{2150E333-8FDC-42A3-9474-1A3956D46DE8}") = "IoC", "IoC", "{D78FD06D-6110-4C4C-AACB-48C259CE2E60}"
EndProject
Project("{FAE04EC0-301F-11D3-BF4B-00C04F79EFBC}") = "OpenNETCF.IoC.Desktop", "OpenNETCF.IoC\OpenNETCF.IoC.Desktop.csproj", "{AAD0D35C-626C-4777-95D6-DBACEBD3B5C9}"
EndProject
Project("{FAE04EC0-301F-11D3-BF4B-00C04F79EFBC}") = "OpenNETCF.IoC.UI.Desktop", "OpenNETCF.IoC.UI\OpenNETCF.IoC.UI.Desktop.csproj", "{BCD73E42-C3CA-4E31-BE73-F583A09A80F6}"
EndProject
Project("{2150E333-8FDC-42A3-9474-1A3956D46DE8}") = "Modules", "Modules", "{35FA8A9A-B815-449D-ACB3-8E4D3F9D1AF8}"
EndProject
Project("{2150E333-8FDC-42A3-9474-1A3956D46DE8}") = "Schedule", "Schedule", "{EDDBEE23-6CFE-4450-8DDD-993E2495BF68}"
EndProject
Project("{2150E333-8FDC-42A3-9474-1A3956D46DE8}") = "Samples", "Samples", "{5AC7A2F0-6509-4DBC-91FB-1D04C257E536}"
EndProject
Project("{FAE04EC0-301F-11D3-BF4B-00C04F79EFBC}") = "UIEventSample.FFx", "UIEventSample\UIEventSample.FFx.csproj", "{22F9D989-E145-4238-9ADF-50A9ED3CDAC2}"
EndProject
Project("{2150E333-8FDC-42A3-9474-1A3956D46DE8}") = "Solution Items", "Solution Items", "{081D4763-8AA4-4BE5-BCDE-D3D32AE42651}"
	ProjectSection(SolutionItems) = preProject
		Local.testsettings = Local.testsettings
		OpenNETCF.IoC.Desktop.VS10.vsmdi = OpenNETCF.IoC.Desktop.VS10.vsmdi
		TraceAndTestImpact.testsettings = TraceAndTestImpact.testsettings
	EndProjectSection
EndProject
Project("{FAE04EC0-301F-11D3-BF4B-00C04F79EFBC}") = "OpenNETCF.IoC.VS10.Unit.Test", "OpenNETCF.IoC.Unit.Test\OpenNETCF.IoC.VS10.Unit.Test.csproj", "{A66785C0-6986-473F-8EEF-10236FEE0563}"
EndProject
Project("{FAE04EC0-301F-11D3-BF4B-00C04F79EFBC}") = "WorkspaceDisposal.FFx.VS10", "Samples\WorkspaceDisposal\WorkspaceDisposal.FFx.VS10.csproj", "{9AF04D46-D08F-471B-AFE5-A459EC98265B}"
EndProject
Project("{FAE04EC0-301F-11D3-BF4B-00C04F79EFBC}") = "SmartPartTests.FFx.VS10", "Samples\SmartPartTests\SmartPartTests.FFx.VS10.csproj", "{FEB26C19-56EF-4FD5-9AFC-6D06CF65C84B}"
EndProject
Project("{FAE04EC0-301F-11D3-BF4B-00C04F79EFBC}") = "TabGestureSample", "Samples\TabGestureSample\TabGestureSample.csproj", "{48209503-6F0A-409C-B8C2-34EC7EE6F46E}"
EndProject
Global
	GlobalSection(TeamFoundationVersionControl) = preSolution
		SccNumberOfProjects = 8
		SccEnterpriseProvider = {4CA58AB2-18FA-4F8D-95D4-32DDF27D184C}
		SccTeamFoundationServer = https://tfs.codeplex.com/tfs/tfs10
		SccLocalPath0 = .
		SccProjectUniqueName1 = UIEventSample\\UIEventSample.FFx.csproj
		SccProjectTopLevelParentUniqueName1 = OpenNETCF.IoC.Desktop.VS10.sln
		SccProjectName1 = UIEventSample
		SccLocalPath1 = UIEventSample
		SccProjectUniqueName2 = OpenNETCF.IoC.Unit.Test\\OpenNETCF.IoC.VS10.Unit.Test.csproj
		SccProjectName2 = OpenNETCF.IoC.Unit.Test
		SccLocalPath2 = OpenNETCF.IoC.Unit.Test
		SccProjectUniqueName3 = Samples\\WorkspaceDisposal\\WorkspaceDisposal.FFx.VS10.csproj
		SccProjectTopLevelParentUniqueName3 = OpenNETCF.IoC.Desktop.VS10.sln
		SccProjectName3 = Samples/WorkspaceDisposal
		SccLocalPath3 = Samples\\WorkspaceDisposal
		SccProjectUniqueName4 = Samples\\SmartPartTests\\SmartPartTests.FFx.VS10.csproj
		SccProjectTopLevelParentUniqueName4 = OpenNETCF.IoC.Desktop.VS10.sln
		SccProjectName4 = Samples/SmartPartTests
		SccLocalPath4 = Samples\\SmartPartTests
		SccProjectUniqueName5 = Samples\\TabGestureSample\\TabGestureSample.csproj
		SccProjectTopLevelParentUniqueName5 = OpenNETCF.IoC.Desktop.VS10.sln
		SccProjectName5 = Samples/TabGestureSample
		SccLocalPath5 = Samples\\TabGestureSample
		SccProjectUniqueName6 = OpenNETCF.IoC\\OpenNETCF.IoC.Desktop.csproj
		SccProjectTopLevelParentUniqueName6 = OpenNETCF.IoC.Desktop.VS10.sln
		SccProjectName6 = OpenNETCF.IoC
		SccLocalPath6 = OpenNETCF.IoC
		SccProjectUniqueName7 = OpenNETCF.IoC.UI\\OpenNETCF.IoC.UI.Desktop.csproj
		SccProjectTopLevelParentUniqueName7 = OpenNETCF.IoC.Desktop.VS10.sln
		SccProjectName7 = OpenNETCF.IoC.UI
		SccLocalPath7 = OpenNETCF.IoC.UI
	EndGlobalSection
	GlobalSection(TestCaseManagementSettings) = postSolution
		CategoryFile = OpenNETCF.IoC.Desktop.VS10.vsmdi
	EndGlobalSection
	GlobalSection(SolutionConfigurationPlatforms) = preSolution
		Debug|Any CPU = Debug|Any CPU
		Debug|Mixed Platforms = Debug|Mixed Platforms
		Debug|x86 = Debug|x86
		Release|Any CPU = Release|Any CPU
		Release|Mixed Platforms = Release|Mixed Platforms
		Release|x86 = Release|x86
	EndGlobalSection
	GlobalSection(ProjectConfigurationPlatforms) = postSolution
		{AAD0D35C-626C-4777-95D6-DBACEBD3B5C9}.Debug|Any CPU.ActiveCfg = Debug|Any CPU
		{AAD0D35C-626C-4777-95D6-DBACEBD3B5C9}.Debug|Any CPU.Build.0 = Debug|Any CPU
		{AAD0D35C-626C-4777-95D6-DBACEBD3B5C9}.Debug|Mixed Platforms.ActiveCfg = Debug|Any CPU
		{AAD0D35C-626C-4777-95D6-DBACEBD3B5C9}.Debug|Mixed Platforms.Build.0 = Debug|Any CPU
		{AAD0D35C-626C-4777-95D6-DBACEBD3B5C9}.Debug|x86.ActiveCfg = Debug|Any CPU
		{AAD0D35C-626C-4777-95D6-DBACEBD3B5C9}.Release|Any CPU.ActiveCfg = Release|Any CPU
		{AAD0D35C-626C-4777-95D6-DBACEBD3B5C9}.Release|Any CPU.Build.0 = Release|Any CPU
		{AAD0D35C-626C-4777-95D6-DBACEBD3B5C9}.Release|Mixed Platforms.ActiveCfg = Release|Any CPU
		{AAD0D35C-626C-4777-95D6-DBACEBD3B5C9}.Release|Mixed Platforms.Build.0 = Release|Any CPU
		{AAD0D35C-626C-4777-95D6-DBACEBD3B5C9}.Release|x86.ActiveCfg = Release|Any CPU
		{BCD73E42-C3CA-4E31-BE73-F583A09A80F6}.Debug|Any CPU.ActiveCfg = Debug|Any CPU
		{BCD73E42-C3CA-4E31-BE73-F583A09A80F6}.Debug|Any CPU.Build.0 = Debug|Any CPU
		{BCD73E42-C3CA-4E31-BE73-F583A09A80F6}.Debug|Mixed Platforms.ActiveCfg = Debug|Any CPU
		{BCD73E42-C3CA-4E31-BE73-F583A09A80F6}.Debug|Mixed Platforms.Build.0 = Debug|Any CPU
		{BCD73E42-C3CA-4E31-BE73-F583A09A80F6}.Debug|x86.ActiveCfg = Debug|Any CPU
		{BCD73E42-C3CA-4E31-BE73-F583A09A80F6}.Release|Any CPU.ActiveCfg = Release|Any CPU
		{BCD73E42-C3CA-4E31-BE73-F583A09A80F6}.Release|Any CPU.Build.0 = Release|Any CPU
		{BCD73E42-C3CA-4E31-BE73-F583A09A80F6}.Release|Mixed Platforms.ActiveCfg = Release|Any CPU
		{BCD73E42-C3CA-4E31-BE73-F583A09A80F6}.Release|Mixed Platforms.Build.0 = Release|Any CPU
		{BCD73E42-C3CA-4E31-BE73-F583A09A80F6}.Release|x86.ActiveCfg = Release|Any CPU
		{22F9D989-E145-4238-9ADF-50A9ED3CDAC2}.Debug|Any CPU.ActiveCfg = Debug|x86
		{22F9D989-E145-4238-9ADF-50A9ED3CDAC2}.Debug|Mixed Platforms.ActiveCfg = Debug|x86
		{22F9D989-E145-4238-9ADF-50A9ED3CDAC2}.Debug|Mixed Platforms.Build.0 = Debug|x86
		{22F9D989-E145-4238-9ADF-50A9ED3CDAC2}.Debug|x86.ActiveCfg = Debug|x86
		{22F9D989-E145-4238-9ADF-50A9ED3CDAC2}.Debug|x86.Build.0 = Debug|x86
		{22F9D989-E145-4238-9ADF-50A9ED3CDAC2}.Release|Any CPU.ActiveCfg = Release|x86
		{22F9D989-E145-4238-9ADF-50A9ED3CDAC2}.Release|Mixed Platforms.ActiveCfg = Release|x86
		{22F9D989-E145-4238-9ADF-50A9ED3CDAC2}.Release|Mixed Platforms.Build.0 = Release|x86
		{22F9D989-E145-4238-9ADF-50A9ED3CDAC2}.Release|x86.ActiveCfg = Release|x86
		{22F9D989-E145-4238-9ADF-50A9ED3CDAC2}.Release|x86.Build.0 = Release|x86
		{A66785C0-6986-473F-8EEF-10236FEE0563}.Debug|Any CPU.ActiveCfg = Debug|Any CPU
		{A66785C0-6986-473F-8EEF-10236FEE0563}.Debug|Any CPU.Build.0 = Debug|Any CPU
		{A66785C0-6986-473F-8EEF-10236FEE0563}.Debug|Mixed Platforms.ActiveCfg = Debug|Any CPU
		{A66785C0-6986-473F-8EEF-10236FEE0563}.Debug|Mixed Platforms.Build.0 = Debug|Any CPU
		{A66785C0-6986-473F-8EEF-10236FEE0563}.Debug|x86.ActiveCfg = Debug|Any CPU
		{A66785C0-6986-473F-8EEF-10236FEE0563}.Release|Any CPU.ActiveCfg = Release|Any CPU
		{A66785C0-6986-473F-8EEF-10236FEE0563}.Release|Any CPU.Build.0 = Release|Any CPU
		{A66785C0-6986-473F-8EEF-10236FEE0563}.Release|Mixed Platforms.ActiveCfg = Release|Any CPU
		{A66785C0-6986-473F-8EEF-10236FEE0563}.Release|Mixed Platforms.Build.0 = Release|Any CPU
		{A66785C0-6986-473F-8EEF-10236FEE0563}.Release|x86.ActiveCfg = Release|Any CPU
		{9AF04D46-D08F-471B-AFE5-A459EC98265B}.Debug|Any CPU.ActiveCfg = Debug|x86
		{9AF04D46-D08F-471B-AFE5-A459EC98265B}.Debug|Mixed Platforms.ActiveCfg = Debug|x86
		{9AF04D46-D08F-471B-AFE5-A459EC98265B}.Debug|Mixed Platforms.Build.0 = Debug|x86
		{9AF04D46-D08F-471B-AFE5-A459EC98265B}.Debug|x86.ActiveCfg = Debug|x86
		{9AF04D46-D08F-471B-AFE5-A459EC98265B}.Debug|x86.Build.0 = Debug|x86
		{9AF04D46-D08F-471B-AFE5-A459EC98265B}.Release|Any CPU.ActiveCfg = Release|x86
		{9AF04D46-D08F-471B-AFE5-A459EC98265B}.Release|Mixed Platforms.ActiveCfg = Release|x86
		{9AF04D46-D08F-471B-AFE5-A459EC98265B}.Release|Mixed Platforms.Build.0 = Release|x86
		{9AF04D46-D08F-471B-AFE5-A459EC98265B}.Release|x86.ActiveCfg = Release|x86
		{9AF04D46-D08F-471B-AFE5-A459EC98265B}.Release|x86.Build.0 = Release|x86
		{FEB26C19-56EF-4FD5-9AFC-6D06CF65C84B}.Debug|Any CPU.ActiveCfg = Debug|x86
		{FEB26C19-56EF-4FD5-9AFC-6D06CF65C84B}.Debug|Mixed Platforms.ActiveCfg = Debug|x86
		{FEB26C19-56EF-4FD5-9AFC-6D06CF65C84B}.Debug|Mixed Platforms.Build.0 = Debug|x86
		{FEB26C19-56EF-4FD5-9AFC-6D06CF65C84B}.Debug|x86.ActiveCfg = Debug|x86
		{FEB26C19-56EF-4FD5-9AFC-6D06CF65C84B}.Debug|x86.Build.0 = Debug|x86
		{FEB26C19-56EF-4FD5-9AFC-6D06CF65C84B}.Release|Any CPU.ActiveCfg = Release|x86
		{FEB26C19-56EF-4FD5-9AFC-6D06CF65C84B}.Release|Mixed Platforms.ActiveCfg = Release|x86
		{FEB26C19-56EF-4FD5-9AFC-6D06CF65C84B}.Release|Mixed Platforms.Build.0 = Release|x86
		{FEB26C19-56EF-4FD5-9AFC-6D06CF65C84B}.Release|x86.ActiveCfg = Release|x86
		{FEB26C19-56EF-4FD5-9AFC-6D06CF65C84B}.Release|x86.Build.0 = Release|x86
		{48209503-6F0A-409C-B8C2-34EC7EE6F46E}.Debug|Any CPU.ActiveCfg = Debug|x86
		{48209503-6F0A-409C-B8C2-34EC7EE6F46E}.Debug|Mixed Platforms.ActiveCfg = Debug|x86
		{48209503-6F0A-409C-B8C2-34EC7EE6F46E}.Debug|Mixed Platforms.Build.0 = Debug|x86
		{48209503-6F0A-409C-B8C2-34EC7EE6F46E}.Debug|x86.ActiveCfg = Debug|x86
		{48209503-6F0A-409C-B8C2-34EC7EE6F46E}.Debug|x86.Build.0 = Debug|x86
		{48209503-6F0A-409C-B8C2-34EC7EE6F46E}.Release|Any CPU.ActiveCfg = Release|x86
		{48209503-6F0A-409C-B8C2-34EC7EE6F46E}.Release|Mixed Platforms.ActiveCfg = Release|x86
		{48209503-6F0A-409C-B8C2-34EC7EE6F46E}.Release|Mixed Platforms.Build.0 = Release|x86
		{48209503-6F0A-409C-B8C2-34EC7EE6F46E}.Release|x86.ActiveCfg = Release|x86
		{48209503-6F0A-409C-B8C2-34EC7EE6F46E}.Release|x86.Build.0 = Release|x86
	EndGlobalSection
	GlobalSection(SolutionProperties) = preSolution
		HideSolutionNode = FALSE
	EndGlobalSection
	GlobalSection(NestedProjects) = preSolution
		{AAD0D35C-626C-4777-95D6-DBACEBD3B5C9} = {D78FD06D-6110-4C4C-AACB-48C259CE2E60}
		{BCD73E42-C3CA-4E31-BE73-F583A09A80F6} = {D78FD06D-6110-4C4C-AACB-48C259CE2E60}
		{EDDBEE23-6CFE-4450-8DDD-993E2495BF68} = {35FA8A9A-B815-449D-ACB3-8E4D3F9D1AF8}
		{22F9D989-E145-4238-9ADF-50A9ED3CDAC2} = {5AC7A2F0-6509-4DBC-91FB-1D04C257E536}
		{9AF04D46-D08F-471B-AFE5-A459EC98265B} = {5AC7A2F0-6509-4DBC-91FB-1D04C257E536}
		{FEB26C19-56EF-4FD5-9AFC-6D06CF65C84B} = {5AC7A2F0-6509-4DBC-91FB-1D04C257E536}
		{48209503-6F0A-409C-B8C2-34EC7EE6F46E} = {5AC7A2F0-6509-4DBC-91FB-1D04C257E536}
	EndGlobalSection
EndGlobal
