
Microsoft Visual Studio Solution File, Format Version 10.00
# Visual Studio 2008
Project("{FAE04EC0-301F-11D3-BF4B-00C04F79EFBC}") = "OpenNETCF.IoC", "OpenNETCF.IoC\OpenNETCF.IoC.csproj", "{E2095D96-8EC2-4382-AEEF-55D9DF2325C0}"
EndProject
Project("{FAE04EC0-301F-11D3-BF4B-00C04F79EFBC}") = "OpenNETCF.IoC.Unit.Test", "OpenNETCF.IoC.Unit.Test\OpenNETCF.IoC.Unit.Test.csproj", "{78116738-93BC-4131-A81B-817470B2CDB6}"
EndProject
Project("{2150E333-8FDC-42A3-9474-1A3956D46DE8}") = "Solution Items", "Solution Items", "{3025152D-CD0B-4F89-8B28-6B447C1F09E6}"
	ProjectSection(SolutionItems) = preProject
		SmartDeviceTestRun.testrunConfig = SmartDeviceTestRun.testrunConfig
	EndProjectSection
EndProject
Project("{FAE04EC0-301F-11D3-BF4B-00C04F79EFBC}") = "OpenNETCF.IoC.UI", "OpenNETCF.IoC.UI\OpenNETCF.IoC.UI.csproj", "{45F51EA2-A27F-44BB-B549-FEB3F9E3C887}"
EndProject
Project("{FAE04EC0-301F-11D3-BF4B-00C04F79EFBC}") = "CommonServiceLocator.Sample", "Samples\CommonServiceLocator.Sample\CommonServiceLocator.Sample.csproj", "{8DA3A6C9-A491-4369-B3A4-95333AECADED}"
EndProject
Project("{FAE04EC0-301F-11D3-BF4B-00C04F79EFBC}") = "FormStackCS", "Samples\FormStackCS\FormStackCS.csproj", "{61F3374B-B582-4B2C-9F1C-52DFE22FCA58}"
EndProject
Project("{FAE04EC0-301F-11D3-BF4B-00C04F79EFBC}") = "CFTestRunner", "CFTestRunner\CFTestRunner.csproj", "{46C5E155-5B16-4911-8986-2E728A06DB32}"
EndProject
Project("{2150E333-8FDC-42A3-9474-1A3956D46DE8}") = "Samples", "Samples", "{B13B76AF-DC89-4237-ADC9-CE5B29DF7BF8}"
EndProject
Project("{2150E333-8FDC-42A3-9474-1A3956D46DE8}") = "Test", "Test", "{5BF9907E-75F3-4F43-8B57-406767286E1E}"
EndProject
Project("{FAE04EC0-301F-11D3-BF4B-00C04F79EFBC}") = "WorkspaceDisposal", "Samples\WorkspaceDisposal\WorkspaceDisposal.csproj", "{D3DFF0C2-1F0C-4E92-BC97-B1BED16A4868}"
EndProject
Project("{FAE04EC0-301F-11D3-BF4B-00C04F79EFBC}") = "EventMarshalTest", "Samples\EventMarshalTest\EventMarshalTest.csproj", "{C2E1F8BF-70E7-4055-AB80-C4C3D4B1374A}"
EndProject
Project("{FAE04EC0-301F-11D3-BF4B-00C04F79EFBC}") = "MenuIntegration", "Samples\MenuIntegration\MenuIntegration.csproj", "{39C2F3B6-6634-4F7C-8E69-B395501736DD}"
EndProject
Project("{FAE04EC0-301F-11D3-BF4B-00C04F79EFBC}") = "WiFiSurvey.Shell", "Samples\WiFiSurvey\Shell\WiFiSurvey.Shell\WiFiSurvey.Shell.csproj", "{1D63ABCC-F4EB-442E-96E0-3164900371B4}"
EndProject
Project("{2150E333-8FDC-42A3-9474-1A3956D46DE8}") = "WiFiSurvey", "WiFiSurvey", "{3AD05C71-5747-4CCD-B199-CCF8C6F07CF4}"
EndProject
Project("{FAE04EC0-301F-11D3-BF4B-00C04F79EFBC}") = "WiFiSurvey.Infrastructure.Interface", "Samples\WiFiSurvey\Infrastructure\WiFiSurvey.Infrastructure.Interface\WiFiSurvey.Infrastructure.Interface.csproj", "{48D2AFD0-2C29-4467-AAFA-0F31CABD464D}"
EndProject
Project("{FAE04EC0-301F-11D3-BF4B-00C04F79EFBC}") = "WiFiSurvey.Infrastructure.Module", "Samples\WiFiSurvey\Infrastructure\WiFiSurvey.Infrastructure.Module\WiFiSurvey.Infrastructure.Module.csproj", "{7F319E26-A83B-4388-8D51-0FD713364FB2}"
EndProject
Project("{FAE04EC0-301F-11D3-BF4B-00C04F79EFBC}") = "WiFiSurvey.Configuration.Module", "Samples\WiFiSurvey\Configuration\WiFiSurvey.Configuration.Module\WiFiSurvey.Configuration.Module.csproj", "{7CC76F15-DB27-45BE-AC4E-6458CA5C24A1}"
EndProject
Project("{FAE04EC0-301F-11D3-BF4B-00C04F79EFBC}") = "WiFiSurvey.DAL.Module", "Samples\WiFiSurvey\DAL\WiFiSurvey.DAL.Module\WiFiSurvey.DAL.Module.csproj", "{A5AF600E-F1CD-40A1-9211-47B319A7876B}"
EndProject
Project("{FAE04EC0-301F-11D3-BF4B-00C04F79EFBC}") = "SmartPartTests", "Samples\SmartPartTests\SmartPartTests.csproj", "{8C460537-A0FF-4BB4-8F49-45EA2AD96172}"
EndProject
Global
	GlobalSection(TeamFoundationVersionControl) = preSolution
		SccNumberOfProjects = 16
		SccEnterpriseProvider = {4CA58AB2-18FA-4F8D-95D4-32DDF27D184C}
		SccTeamFoundationServer = https://tfs.codeplex.com/tfs/tfs10
		SccLocalPath0 = .
		SccProjectUniqueName1 = OpenNETCF.IoC.Unit.Test\\OpenNETCF.IoC.Unit.Test.csproj
		SccProjectTopLevelParentUniqueName1 = OpenNETCF.IoC.sln
		SccProjectName1 = OpenNETCF.IoC.Unit.Test
		SccLocalPath1 = OpenNETCF.IoC.Unit.Test
		SccProjectUniqueName2 = OpenNETCF.IoC\\OpenNETCF.IoC.csproj
		SccProjectName2 = OpenNETCF.IoC
		SccLocalPath2 = OpenNETCF.IoC
		SccProjectUniqueName3 = OpenNETCF.IoC.UI\\OpenNETCF.IoC.UI.csproj
		SccProjectName3 = OpenNETCF.IoC.UI
		SccLocalPath3 = OpenNETCF.IoC.UI
		SccProjectUniqueName4 = Samples\\CommonServiceLocator.Sample\\CommonServiceLocator.Sample.csproj
		SccProjectTopLevelParentUniqueName4 = OpenNETCF.IoC.sln
		SccProjectName4 = Samples/CommonServiceLocator.Sample
		SccLocalPath4 = Samples\\CommonServiceLocator.Sample
		SccProjectUniqueName5 = Samples\\FormStackCS\\FormStackCS.csproj
		SccProjectTopLevelParentUniqueName5 = OpenNETCF.IoC.sln
		SccProjectName5 = Samples/FormStackCS
		SccLocalPath5 = Samples\\FormStackCS
		SccProjectUniqueName6 = CFTestRunner\\CFTestRunner.csproj
		SccProjectTopLevelParentUniqueName6 = OpenNETCF.IoC.sln
		SccProjectName6 = CFTestRunner
		SccLocalPath6 = CFTestRunner
		SccProjectUniqueName7 = Samples\\WorkspaceDisposal\\WorkspaceDisposal.csproj
		SccProjectTopLevelParentUniqueName7 = OpenNETCF.IoC.sln
		SccProjectName7 = Samples/WorkspaceDisposal
		SccLocalPath7 = Samples\\WorkspaceDisposal
		SccProjectUniqueName8 = Samples\\EventMarshalTest\\EventMarshalTest.csproj
		SccProjectTopLevelParentUniqueName8 = OpenNETCF.IoC.sln
		SccProjectName8 = Samples/EventMarshalTest
		SccLocalPath8 = Samples\\EventMarshalTest
		SccProjectUniqueName9 = Samples\\MenuIntegration\\MenuIntegration.csproj
		SccProjectTopLevelParentUniqueName9 = OpenNETCF.IoC.sln
		SccProjectName9 = Samples/MenuIntegration
		SccLocalPath9 = Samples\\MenuIntegration
		SccProjectUniqueName10 = Samples\\WiFiSurvey\\Shell\\WiFiSurvey.Shell\\WiFiSurvey.Shell.csproj
		SccProjectTopLevelParentUniqueName10 = OpenNETCF.IoC.sln
		SccProjectName10 = Samples/WiFiSurvey/Shell/WiFiSurvey.Shell
		SccLocalPath10 = Samples\\WiFiSurvey\\Shell\\WiFiSurvey.Shell
		SccProjectUniqueName11 = Samples\\WiFiSurvey\\Infrastructure\\WiFiSurvey.Infrastructure.Interface\\WiFiSurvey.Infrastructure.Interface.csproj
		SccProjectTopLevelParentUniqueName11 = OpenNETCF.IoC.sln
		SccProjectName11 = Samples/WiFiSurvey/Infrastructure/WiFiSurvey.Infrastructure.Interface
		SccLocalPath11 = Samples\\WiFiSurvey\\Infrastructure\\WiFiSurvey.Infrastructure.Interface
		SccProjectUniqueName12 = Samples\\WiFiSurvey\\Infrastructure\\WiFiSurvey.Infrastructure.Module\\WiFiSurvey.Infrastructure.Module.csproj
		SccProjectTopLevelParentUniqueName12 = OpenNETCF.IoC.sln
		SccProjectName12 = Samples/WiFiSurvey/Infrastructure/WiFiSurvey.Infrastructure.Module
		SccLocalPath12 = Samples\\WiFiSurvey\\Infrastructure\\WiFiSurvey.Infrastructure.Module
		SccProjectUniqueName13 = Samples\\WiFiSurvey\\Configuration\\WiFiSurvey.Configuration.Module\\WiFiSurvey.Configuration.Module.csproj
		SccProjectTopLevelParentUniqueName13 = OpenNETCF.IoC.sln
		SccProjectName13 = Samples/WiFiSurvey/Configuration/WiFiSurvey.Configuration.Module
		SccLocalPath13 = Samples\\WiFiSurvey\\Configuration\\WiFiSurvey.Configuration.Module
		SccProjectUniqueName14 = Samples\\WiFiSurvey\\DAL\\WiFiSurvey.DAL.Module\\WiFiSurvey.DAL.Module.csproj
		SccProjectTopLevelParentUniqueName14 = OpenNETCF.IoC.sln
		SccProjectName14 = Samples/WiFiSurvey/DAL/WiFiSurvey.DAL.Module
		SccLocalPath14 = Samples\\WiFiSurvey\\DAL\\WiFiSurvey.DAL.Module
		SccProjectUniqueName15 = Samples\\SmartPartTests\\SmartPartTests.csproj
		SccProjectTopLevelParentUniqueName15 = OpenNETCF.IoC.sln
		SccProjectName15 = Samples/SmartPartTests
		SccLocalPath15 = Samples\\SmartPartTests
	EndGlobalSection
	GlobalSection(TestCaseManagementSettings) = postSolution
		CategoryFile = OpenNETCF.IoC.vsmdi
	EndGlobalSection
	GlobalSection(SolutionConfigurationPlatforms) = preSolution
		Debug|Any CPU = Debug|Any CPU
		Release|Any CPU = Release|Any CPU
	EndGlobalSection
	GlobalSection(ProjectConfigurationPlatforms) = postSolution
		{E2095D96-8EC2-4382-AEEF-55D9DF2325C0}.Debug|Any CPU.ActiveCfg = Debug|Any CPU
		{E2095D96-8EC2-4382-AEEF-55D9DF2325C0}.Debug|Any CPU.Build.0 = Debug|Any CPU
		{E2095D96-8EC2-4382-AEEF-55D9DF2325C0}.Debug|Any CPU.Deploy.0 = Debug|Any CPU
		{E2095D96-8EC2-4382-AEEF-55D9DF2325C0}.Release|Any CPU.ActiveCfg = Release|Any CPU
		{E2095D96-8EC2-4382-AEEF-55D9DF2325C0}.Release|Any CPU.Build.0 = Release|Any CPU
		{E2095D96-8EC2-4382-AEEF-55D9DF2325C0}.Release|Any CPU.Deploy.0 = Release|Any CPU
		{78116738-93BC-4131-A81B-817470B2CDB6}.Debug|Any CPU.ActiveCfg = Debug|Any CPU
		{78116738-93BC-4131-A81B-817470B2CDB6}.Debug|Any CPU.Build.0 = Debug|Any CPU
		{78116738-93BC-4131-A81B-817470B2CDB6}.Release|Any CPU.ActiveCfg = Release|Any CPU
		{78116738-93BC-4131-A81B-817470B2CDB6}.Release|Any CPU.Build.0 = Release|Any CPU
		{45F51EA2-A27F-44BB-B549-FEB3F9E3C887}.Debug|Any CPU.ActiveCfg = Debug|Any CPU
		{45F51EA2-A27F-44BB-B549-FEB3F9E3C887}.Debug|Any CPU.Build.0 = Debug|Any CPU
		{45F51EA2-A27F-44BB-B549-FEB3F9E3C887}.Debug|Any CPU.Deploy.0 = Debug|Any CPU
		{45F51EA2-A27F-44BB-B549-FEB3F9E3C887}.Release|Any CPU.ActiveCfg = Release|Any CPU
		{45F51EA2-A27F-44BB-B549-FEB3F9E3C887}.Release|Any CPU.Build.0 = Release|Any CPU
		{45F51EA2-A27F-44BB-B549-FEB3F9E3C887}.Release|Any CPU.Deploy.0 = Release|Any CPU
		{8DA3A6C9-A491-4369-B3A4-95333AECADED}.Debug|Any CPU.ActiveCfg = Debug|Any CPU
		{8DA3A6C9-A491-4369-B3A4-95333AECADED}.Debug|Any CPU.Build.0 = Debug|Any CPU
		{8DA3A6C9-A491-4369-B3A4-95333AECADED}.Release|Any CPU.ActiveCfg = Release|Any CPU
		{8DA3A6C9-A491-4369-B3A4-95333AECADED}.Release|Any CPU.Build.0 = Release|Any CPU
		{8DA3A6C9-A491-4369-B3A4-95333AECADED}.Release|Any CPU.Deploy.0 = Release|Any CPU
		{61F3374B-B582-4B2C-9F1C-52DFE22FCA58}.Debug|Any CPU.ActiveCfg = Debug|Any CPU
		{61F3374B-B582-4B2C-9F1C-52DFE22FCA58}.Debug|Any CPU.Build.0 = Debug|Any CPU
		{61F3374B-B582-4B2C-9F1C-52DFE22FCA58}.Release|Any CPU.ActiveCfg = Release|Any CPU
		{61F3374B-B582-4B2C-9F1C-52DFE22FCA58}.Release|Any CPU.Build.0 = Release|Any CPU
		{61F3374B-B582-4B2C-9F1C-52DFE22FCA58}.Release|Any CPU.Deploy.0 = Release|Any CPU
		{46C5E155-5B16-4911-8986-2E728A06DB32}.Debug|Any CPU.ActiveCfg = Debug|Any CPU
		{46C5E155-5B16-4911-8986-2E728A06DB32}.Debug|Any CPU.Build.0 = Debug|Any CPU
		{46C5E155-5B16-4911-8986-2E728A06DB32}.Debug|Any CPU.Deploy.0 = Debug|Any CPU
		{46C5E155-5B16-4911-8986-2E728A06DB32}.Release|Any CPU.ActiveCfg = Release|Any CPU
		{46C5E155-5B16-4911-8986-2E728A06DB32}.Release|Any CPU.Build.0 = Release|Any CPU
		{46C5E155-5B16-4911-8986-2E728A06DB32}.Release|Any CPU.Deploy.0 = Release|Any CPU
		{D3DFF0C2-1F0C-4E92-BC97-B1BED16A4868}.Debug|Any CPU.ActiveCfg = Debug|Any CPU
		{D3DFF0C2-1F0C-4E92-BC97-B1BED16A4868}.Debug|Any CPU.Build.0 = Debug|Any CPU
		{D3DFF0C2-1F0C-4E92-BC97-B1BED16A4868}.Debug|Any CPU.Deploy.0 = Debug|Any CPU
		{D3DFF0C2-1F0C-4E92-BC97-B1BED16A4868}.Release|Any CPU.ActiveCfg = Release|Any CPU
		{D3DFF0C2-1F0C-4E92-BC97-B1BED16A4868}.Release|Any CPU.Build.0 = Release|Any CPU
		{D3DFF0C2-1F0C-4E92-BC97-B1BED16A4868}.Release|Any CPU.Deploy.0 = Release|Any CPU
		{C2E1F8BF-70E7-4055-AB80-C4C3D4B1374A}.Debug|Any CPU.ActiveCfg = Debug|Any CPU
		{C2E1F8BF-70E7-4055-AB80-C4C3D4B1374A}.Debug|Any CPU.Build.0 = Debug|Any CPU
		{C2E1F8BF-70E7-4055-AB80-C4C3D4B1374A}.Debug|Any CPU.Deploy.0 = Debug|Any CPU
		{C2E1F8BF-70E7-4055-AB80-C4C3D4B1374A}.Release|Any CPU.ActiveCfg = Release|Any CPU
		{C2E1F8BF-70E7-4055-AB80-C4C3D4B1374A}.Release|Any CPU.Build.0 = Release|Any CPU
		{C2E1F8BF-70E7-4055-AB80-C4C3D4B1374A}.Release|Any CPU.Deploy.0 = Release|Any CPU
		{39C2F3B6-6634-4F7C-8E69-B395501736DD}.Debug|Any CPU.ActiveCfg = Debug|Any CPU
		{39C2F3B6-6634-4F7C-8E69-B395501736DD}.Debug|Any CPU.Build.0 = Debug|Any CPU
		{39C2F3B6-6634-4F7C-8E69-B395501736DD}.Debug|Any CPU.Deploy.0 = Debug|Any CPU
		{39C2F3B6-6634-4F7C-8E69-B395501736DD}.Release|Any CPU.ActiveCfg = Release|Any CPU
		{39C2F3B6-6634-4F7C-8E69-B395501736DD}.Release|Any CPU.Build.0 = Release|Any CPU
		{39C2F3B6-6634-4F7C-8E69-B395501736DD}.Release|Any CPU.Deploy.0 = Release|Any CPU
		{1D63ABCC-F4EB-442E-96E0-3164900371B4}.Debug|Any CPU.ActiveCfg = Debug|Any CPU
		{1D63ABCC-F4EB-442E-96E0-3164900371B4}.Debug|Any CPU.Build.0 = Debug|Any CPU
		{1D63ABCC-F4EB-442E-96E0-3164900371B4}.Debug|Any CPU.Deploy.0 = Debug|Any CPU
		{1D63ABCC-F4EB-442E-96E0-3164900371B4}.Release|Any CPU.ActiveCfg = Release|Any CPU
		{1D63ABCC-F4EB-442E-96E0-3164900371B4}.Release|Any CPU.Build.0 = Release|Any CPU
		{1D63ABCC-F4EB-442E-96E0-3164900371B4}.Release|Any CPU.Deploy.0 = Release|Any CPU
		{48D2AFD0-2C29-4467-AAFA-0F31CABD464D}.Debug|Any CPU.ActiveCfg = Debug|Any CPU
		{48D2AFD0-2C29-4467-AAFA-0F31CABD464D}.Debug|Any CPU.Build.0 = Debug|Any CPU
		{48D2AFD0-2C29-4467-AAFA-0F31CABD464D}.Release|Any CPU.ActiveCfg = Release|Any CPU
		{48D2AFD0-2C29-4467-AAFA-0F31CABD464D}.Release|Any CPU.Build.0 = Release|Any CPU
		{7F319E26-A83B-4388-8D51-0FD713364FB2}.Debug|Any CPU.ActiveCfg = Debug|Any CPU
		{7F319E26-A83B-4388-8D51-0FD713364FB2}.Debug|Any CPU.Build.0 = Debug|Any CPU
		{7F319E26-A83B-4388-8D51-0FD713364FB2}.Release|Any CPU.ActiveCfg = Release|Any CPU
		{7F319E26-A83B-4388-8D51-0FD713364FB2}.Release|Any CPU.Build.0 = Release|Any CPU
		{7CC76F15-DB27-45BE-AC4E-6458CA5C24A1}.Debug|Any CPU.ActiveCfg = Debug|Any CPU
		{7CC76F15-DB27-45BE-AC4E-6458CA5C24A1}.Debug|Any CPU.Build.0 = Debug|Any CPU
		{7CC76F15-DB27-45BE-AC4E-6458CA5C24A1}.Release|Any CPU.ActiveCfg = Release|Any CPU
		{7CC76F15-DB27-45BE-AC4E-6458CA5C24A1}.Release|Any CPU.Build.0 = Release|Any CPU
		{A5AF600E-F1CD-40A1-9211-47B319A7876B}.Debug|Any CPU.ActiveCfg = Debug|Any CPU
		{A5AF600E-F1CD-40A1-9211-47B319A7876B}.Debug|Any CPU.Build.0 = Debug|Any CPU
		{A5AF600E-F1CD-40A1-9211-47B319A7876B}.Release|Any CPU.ActiveCfg = Release|Any CPU
		{A5AF600E-F1CD-40A1-9211-47B319A7876B}.Release|Any CPU.Build.0 = Release|Any CPU
		{8C460537-A0FF-4BB4-8F49-45EA2AD96172}.Debug|Any CPU.ActiveCfg = Debug|Any CPU
		{8C460537-A0FF-4BB4-8F49-45EA2AD96172}.Debug|Any CPU.Build.0 = Debug|Any CPU
		{8C460537-A0FF-4BB4-8F49-45EA2AD96172}.Debug|Any CPU.Deploy.0 = Debug|Any CPU
		{8C460537-A0FF-4BB4-8F49-45EA2AD96172}.Release|Any CPU.ActiveCfg = Release|Any CPU
		{8C460537-A0FF-4BB4-8F49-45EA2AD96172}.Release|Any CPU.Build.0 = Release|Any CPU
		{8C460537-A0FF-4BB4-8F49-45EA2AD96172}.Release|Any CPU.Deploy.0 = Release|Any CPU
	EndGlobalSection
	GlobalSection(SolutionProperties) = preSolution
		HideSolutionNode = FALSE
	EndGlobalSection
	GlobalSection(NestedProjects) = preSolution
		{46C5E155-5B16-4911-8986-2E728A06DB32} = {5BF9907E-75F3-4F43-8B57-406767286E1E}
		{78116738-93BC-4131-A81B-817470B2CDB6} = {5BF9907E-75F3-4F43-8B57-406767286E1E}
		{61F3374B-B582-4B2C-9F1C-52DFE22FCA58} = {B13B76AF-DC89-4237-ADC9-CE5B29DF7BF8}
		{8DA3A6C9-A491-4369-B3A4-95333AECADED} = {B13B76AF-DC89-4237-ADC9-CE5B29DF7BF8}
		{D3DFF0C2-1F0C-4E92-BC97-B1BED16A4868} = {B13B76AF-DC89-4237-ADC9-CE5B29DF7BF8}
		{C2E1F8BF-70E7-4055-AB80-C4C3D4B1374A} = {B13B76AF-DC89-4237-ADC9-CE5B29DF7BF8}
		{39C2F3B6-6634-4F7C-8E69-B395501736DD} = {B13B76AF-DC89-4237-ADC9-CE5B29DF7BF8}
		{3AD05C71-5747-4CCD-B199-CCF8C6F07CF4} = {B13B76AF-DC89-4237-ADC9-CE5B29DF7BF8}
		{8C460537-A0FF-4BB4-8F49-45EA2AD96172} = {B13B76AF-DC89-4237-ADC9-CE5B29DF7BF8}
		{1D63ABCC-F4EB-442E-96E0-3164900371B4} = {3AD05C71-5747-4CCD-B199-CCF8C6F07CF4}
		{48D2AFD0-2C29-4467-AAFA-0F31CABD464D} = {3AD05C71-5747-4CCD-B199-CCF8C6F07CF4}
		{7F319E26-A83B-4388-8D51-0FD713364FB2} = {3AD05C71-5747-4CCD-B199-CCF8C6F07CF4}
		{7CC76F15-DB27-45BE-AC4E-6458CA5C24A1} = {3AD05C71-5747-4CCD-B199-CCF8C6F07CF4}
		{A5AF600E-F1CD-40A1-9211-47B319A7876B} = {3AD05C71-5747-4CCD-B199-CCF8C6F07CF4}
	EndGlobalSection
EndGlobal
