
Microsoft Visual Studio Solution File, Format Version 11.00
# Visual Studio 2010
Project("{FAE04EC0-301F-11D3-BF4B-00C04F79EFBC}") = "OpenNETCF.IoC.Android", "OpenNETCF.IoC\OpenNETCF.IoC.Android.csproj", "{0489F26D-C27D-4799-AE08-02CDA57E58A9}"
EndProject
Project("{FAE04EC0-301F-11D3-BF4B-00C04F79EFBC}") = "M4AModuleLoadSample", "Samples\M4AModuleLoadSample\M4AModuleLoadSample.csproj", "{53B0F9B0-0E24-4EBA-B3D6-27C55FF21BAA}"
EndProject
Project("{FAE04EC0-301F-11D3-BF4B-00C04F79EFBC}") = "M4APluginModule", "Samples\M4AModuleLoadSample\M4APluginModule\M4APluginModule.csproj", "{BC8450CF-BA6B-4ED4-8AEC-654E699EDBF6}"
EndProject
Global
	GlobalSection(TeamFoundationVersionControl) = preSolution
		SccNumberOfProjects = 4
		SccEnterpriseProvider = {4CA58AB2-18FA-4F8D-95D4-32DDF27D184C}
		SccTeamFoundationServer = https://tfs.codeplex.com/tfs/tfs10
		SccLocalPath0 = .
		SccProjectUniqueName1 = OpenNETCF.IoC\\OpenNETCF.IoC.Android.csproj
		SccProjectName1 = OpenNETCF.IoC
		SccLocalPath1 = OpenNETCF.IoC
		SccProjectUniqueName2 = Samples\\M4AModuleLoadSample\\M4AModuleLoadSample.csproj
		SccProjectName2 = Samples/M4AModuleLoadSample
		SccLocalPath2 = Samples\\M4AModuleLoadSample
		SccProjectUniqueName3 = Samples\\M4AModuleLoadSample\\M4APluginModule\\M4APluginModule.csproj
		SccProjectName3 = Samples/M4AModuleLoadSample/M4APluginModule
		SccLocalPath3 = Samples\\M4AModuleLoadSample\\M4APluginModule
	EndGlobalSection
	GlobalSection(SolutionConfigurationPlatforms) = preSolution
		Debug|Any CPU = Debug|Any CPU
		Release|Any CPU = Release|Any CPU
	EndGlobalSection
	GlobalSection(ProjectConfigurationPlatforms) = postSolution
		{0489F26D-C27D-4799-AE08-02CDA57E58A9}.Debug|Any CPU.ActiveCfg = Debug|Any CPU
		{0489F26D-C27D-4799-AE08-02CDA57E58A9}.Debug|Any CPU.Build.0 = Debug|Any CPU
		{0489F26D-C27D-4799-AE08-02CDA57E58A9}.Debug|Any CPU.Deploy.0 = Debug|Any CPU
		{0489F26D-C27D-4799-AE08-02CDA57E58A9}.Release|Any CPU.ActiveCfg = Release|Any CPU
		{0489F26D-C27D-4799-AE08-02CDA57E58A9}.Release|Any CPU.Build.0 = Release|Any CPU
		{53B0F9B0-0E24-4EBA-B3D6-27C55FF21BAA}.Debug|Any CPU.ActiveCfg = Debug|Any CPU
		{53B0F9B0-0E24-4EBA-B3D6-27C55FF21BAA}.Debug|Any CPU.Build.0 = Debug|Any CPU
		{53B0F9B0-0E24-4EBA-B3D6-27C55FF21BAA}.Debug|Any CPU.Deploy.0 = Debug|Any CPU
		{53B0F9B0-0E24-4EBA-B3D6-27C55FF21BAA}.Release|Any CPU.ActiveCfg = Release|Any CPU
		{53B0F9B0-0E24-4EBA-B3D6-27C55FF21BAA}.Release|Any CPU.Build.0 = Release|Any CPU
		{53B0F9B0-0E24-4EBA-B3D6-27C55FF21BAA}.Release|Any CPU.Deploy.0 = Release|Any CPU
		{BC8450CF-BA6B-4ED4-8AEC-654E699EDBF6}.Debug|Any CPU.ActiveCfg = Debug|Any CPU
		{BC8450CF-BA6B-4ED4-8AEC-654E699EDBF6}.Debug|Any CPU.Build.0 = Debug|Any CPU
		{BC8450CF-BA6B-4ED4-8AEC-654E699EDBF6}.Debug|Any CPU.Deploy.0 = Debug|Any CPU
		{BC8450CF-BA6B-4ED4-8AEC-654E699EDBF6}.Release|Any CPU.ActiveCfg = Release|Any CPU
		{BC8450CF-BA6B-4ED4-8AEC-654E699EDBF6}.Release|Any CPU.Build.0 = Release|Any CPU
	EndGlobalSection
	GlobalSection(SolutionProperties) = preSolution
		HideSolutionNode = FALSE
	EndGlobalSection
EndGlobal
